// !$*UTF8*$!
{
	archiveVersion = 1;
	classes = {
	};
	objectVersion = 77;
	objects = {

/* Begin PBXBuildFile section */
		D452D0EC2EC13AD2009C8E4E /* GoogleSignIn in Frameworks */ = {isa = PBXBuildFile; productRef = D452D0EB2EC13AD2009C8E4E /* GoogleSignIn */; };
		D452D0EE2EC13AD2009C8E4E /* GoogleSignInSwift in Frameworks */ = {isa = PBXBuildFile; productRef = D452D0ED2EC13AD2009C8E4E /* GoogleSignInSwift */; };
		D45CC25D2EC7C2B0007ACDAD /* FirebaseAuth in Frameworks */ = {isa = PBXBuildFile; productRef = D45CC25C2EC7C2B0007ACDAD /* FirebaseAuth */; };
		D45CC25F2EC7C2B0007ACDAD /* FirebaseCore in Frameworks */ = {isa = PBXBuildFile; productRef = D45CC25E2EC7C2B0007ACDAD /* FirebaseCore */; };
		D45CC2612EC7C2B0007ACDAD /* FirebaseCrashlytics in Frameworks */ = {isa = PBXBuildFile; productRef = D45CC2602EC7C2B0007ACDAD /* FirebaseCrashlytics */; };
		D45CC2632EC7C2B0007ACDAD /* FirebaseDatabase in Frameworks */ = {isa = PBXBuildFile; productRef = D45CC2622EC7C2B0007ACDAD /* FirebaseDatabase */; };
		D45CC2652EC7C2B0007ACDAD /* FirebaseFirestore in Frameworks */ = {isa = PBXBuildFile; productRef = D45CC2642EC7C2B0007ACDAD /* FirebaseFirestore */; };
		D4B02C232EE8BD9600536EC7 /* StoreKit.framework in Frameworks */ = {isa = PBXBuildFile; fileRef = D4B02C222EE8BD9600536EC7 /* StoreKit.framework */; };
		D4D354642EE352C8002357F4 /* RevenueCat in Frameworks */ = {isa = PBXBuildFile; productRef = D4D354632EE352C8002357F4 /* RevenueCat */; };
		D4D354662EE352C8002357F4 /* RevenueCatUI in Frameworks */ = {isa = PBXBuildFile; productRef = D4D354652EE352C8002357F4 /* RevenueCatUI */; };
/* End PBXBuildFile section */

/* Begin PBXContainerItemProxy section */
		D452D0C22EC12EF3009C8E4E /* PBXContainerItemProxy */ = {
			isa = PBXContainerItemProxy;
			containerPortal = D452D0A92EC12EF2009C8E4E /* Project object */;
			proxyType = 1;
			remoteGlobalIDString = D452D0B02EC12EF2009C8E4E;
			remoteInfo = BFit;
		};
		D452D0CC2EC12EF3009C8E4E /* PBXContainerItemProxy */ = {
			isa = PBXContainerItemProxy;
			containerPortal = D452D0A92EC12EF2009C8E4E /* Project object */;
			proxyType = 1;
			remoteGlobalIDString = D452D0B02EC12EF2009C8E4E;
			remoteInfo = BFit;
		};
/* End PBXContainerItemProxy section */

/* Begin PBXFileReference section */
		D452D0B12EC12EF2009C8E4E /* BFit Calculator.app */ = {isa = PBXFileReference; explicitFileType = wrapper.application; includeInIndex = 0; path = "BFit Calculator.app"; sourceTree = BUILT_PRODUCTS_DIR; };
		D452D0C12EC12EF3009C8E4E /* BFit CalculatorTests.xctest */ = {isa = PBXFileReference; explicitFileType = wrapper.cfbundle; includeInIndex = 0; path = "BFit CalculatorTests.xctest"; sourceTree = BUILT_PRODUCTS_DIR; };
		D452D0CB2EC12EF3009C8E4E /* BFit CalculatorUITests.xctest */ = {isa = PBXFileReference; explicitFileType = wrapper.cfbundle; includeInIndex = 0; path = "BFit CalculatorUITests.xctest"; sourceTree = BUILT_PRODUCTS_DIR; };
		D4B02C222EE8BD9600536EC7 /* StoreKit.framework */ = {isa = PBXFileReference; lastKnownFileType = wrapper.framework; name = StoreKit.framework; path = System/Library/Frameworks/StoreKit.framework; sourceTree = SDKROOT; };
/* End PBXFileReference section */

/* Begin PBXFileSystemSynchronizedBuildFileExceptionSet section */
		D45CC2692EC7C9D4007ACDAD /* Exceptions for "BFit" folder in "BFit Calculator" target */ = {
			isa = PBXFileSystemSynchronizedBuildFileExceptionSet;
			membershipExceptions = (
				Info.plist,
			);
			target = D452D0B02EC12EF2009C8E4E /* BFit Calculator */;
		};
/* End PBXFileSystemSynchronizedBuildFileExceptionSet section */

/* Begin PBXFileSystemSynchronizedRootGroup section */
		D452D0B32EC12EF2009C8E4E /* BFit */ = {
			isa = PBXFileSystemSynchronizedRootGroup;
			exceptions = (
				D45CC2692EC7C9D4007ACDAD /* Exceptions for "BFit" folder in "BFit Calculator" target */,
			);
			path = BFit;
			sourceTree = "<group>";
		};
		D452D0C42EC12EF3009C8E4E /* BFitTests */ = {
			isa = PBXFileSystemSynchronizedRootGroup;
			path = BFitTests;
			sourceTree = "<group>";
		};
		D452D0CE2EC12EF3009C8E4E /* BFitUITests */ = {
			isa = PBXFileSystemSynchronizedRootGroup;
			path = BFitUITests;
			sourceTree = "<group>";
		};
/* End PBXFileSystemSynchronizedRootGroup section */

/* Begin PBXFrameworksBuildPhase section */
		D452D0AE2EC12EF2009C8E4E /* Frameworks */ = {
			isa = PBXFrameworksBuildPhase;
			buildActionMask = 2147483647;
			files = (
				D45CC2632EC7C2B0007ACDAD /* FirebaseDatabase in Frameworks */,
				D452D0EC2EC13AD2009C8E4E /* GoogleSignIn in Frameworks */,
				D45CC25D2EC7C2B0007ACDAD /* FirebaseAuth in Frameworks */,
				D45CC2612EC7C2B0007ACDAD /* FirebaseCrashlytics in Frameworks */,
				D4D354642EE352C8002357F4 /* RevenueCat in Frameworks */,
				D4D354662EE352C8002357F4 /* RevenueCatUI in Frameworks */,
				D45CC25F2EC7C2B0007ACDAD /* FirebaseCore in Frameworks */,
				D4B02C232EE8BD9600536EC7 /* StoreKit.framework in Frameworks */,
				D452D0EE2EC13AD2009C8E4E /* GoogleSignInSwift in Frameworks */,
				D45CC2652EC7C2B0007ACDAD /* FirebaseFirestore in Frameworks */,
			);
			runOnlyForDeploymentPostprocessing = 0;
		};
		D452D0BE2EC12EF3009C8E4E /* Frameworks */ = {
			isa = PBXFrameworksBuildPhase;
			buildActionMask = 2147483647;
			files = (
			);
			runOnlyForDeploymentPostprocessing = 0;
		};
		D452D0C82EC12EF3009C8E4E /* Frameworks */ = {
			isa = PBXFrameworksBuildPhase;
			buildActionMask = 2147483647;
			files = (
			);
			runOnlyForDeploymentPostprocessing = 0;
		};
/* End PBXFrameworksBuildPhase section */

/* Begin PBXGroup section */
		D452D0A82EC12EF2009C8E4E = {
			isa = PBXGroup;
			children = (
				D452D0B32EC12EF2009C8E4E /* BFit */,
				D452D0C42EC12EF3009C8E4E /* BFitTests */,
				D452D0CE2EC12EF3009C8E4E /* BFitUITests */,
				D4B02C212EE8BD9600536EC7 /* Frameworks */,
				D452D0B22EC12EF2009C8E4E /* Products */,
			);
			sourceTree = "<group>";
		};
		D452D0B22EC12EF2009C8E4E /* Products */ = {
			isa = PBXGroup;
			children = (
				D452D0B12EC12EF2009C8E4E /* BFit Calculator.app */,
				D452D0C12EC12EF3009C8E4E /* BFit CalculatorTests.xctest */,
				D452D0CB2EC12EF3009C8E4E /* BFit CalculatorUITests.xctest */,
			);
			name = Products;
			sourceTree = "<group>";
		};
		D4B02C212EE8BD9600536EC7 /* Frameworks */ = {
			isa = PBXGroup;
			children = (
				D4B02C222EE8BD9600536EC7 /* StoreKit.framework */,
			);
			name = Frameworks;
			sourceTree = "<group>";
		};
/* End PBXGroup section */

/* Begin PBXNativeTarget section */
		D452D0B02EC12EF2009C8E4E /* BFit Calculator */ = {
			isa = PBXNativeTarget;
			buildConfigurationList = D452D0D52EC12EF3009C8E4E /* Build configuration list for PBXNativeTarget "BFit Calculator" */;
			buildPhases = (
				D452D0AD2EC12EF2009C8E4E /* Sources */,
				D452D0AE2EC12EF2009C8E4E /* Frameworks */,
				D452D0AF2EC12EF2009C8E4E /* Resources */,
			);
			buildRules = (
			);
			dependencies = (
			);
			fileSystemSynchronizedGroups = (
				D452D0B32EC12EF2009C8E4E /* BFit */,
			);
			name = "BFit Calculator";
			packageProductDependencies = (
				D452D0EB2EC13AD2009C8E4E /* GoogleSignIn */,
				D452D0ED2EC13AD2009C8E4E /* GoogleSignInSwift */,
				D45CC25C2EC7C2B0007ACDAD /* FirebaseAuth */,
				D45CC25E2EC7C2B0007ACDAD /* FirebaseCore */,
				D45CC2602EC7C2B0007ACDAD /* FirebaseCrashlytics */,
				D45CC2622EC7C2B0007ACDAD /* FirebaseDatabase */,
				D45CC2642EC7C2B0007ACDAD /* FirebaseFirestore */,
				D4D354632EE352C8002357F4 /* RevenueCat */,
				D4D354652EE352C8002357F4 /* RevenueCatUI */,
			);
			productName = BFit;
			productReference = D452D0B12EC12EF2009C8E4E /* BFit Calculator.app */;
			productType = "com.apple.product-type.application";
		};
		D452D0C02EC12EF3009C8E4E /* BFit CalculatorTests */ = {
			isa = PBXNativeTarget;
			buildConfigurationList = D452D0D82EC12EF3009C8E4E /* Build configuration list for PBXNativeTarget "BFit CalculatorTests" */;
			buildPhases = (
				D452D0BD2EC12EF3009C8E4E /* Sources */,
				D452D0BE2EC12EF3009C8E4E /* Frameworks */,
				D452D0BF2EC12EF3009C8E4E /* Resources */,
			);
			buildRules = (
			);
			dependencies = (
				D452D0C32EC12EF3009C8E4E /* PBXTargetDependency */,
			);
			fileSystemSynchronizedGroups = (
				D452D0C42EC12EF3009C8E4E /* BFitTests */,
			);
			name = "BFit CalculatorTests";
			packageProductDependencies = (
			);
			productName = BFitTests;
			productReference = D452D0C12EC12EF3009C8E4E /* BFit CalculatorTests.xctest */;
			productType = "com.apple.product-type.bundle.unit-test";
		};
		D452D0CA2EC12EF3009C8E4E /* BFit CalculatorUITests */ = {
			isa = PBXNativeTarget;
			buildConfigurationList = D452D0DB2EC12EF3009C8E4E /* Build configuration list for PBXNativeTarget "BFit CalculatorUITests" */;
			buildPhases = (
				D452D0C72EC12EF3009C8E4E /* Sources */,
				D452D0C82EC12EF3009C8E4E /* Frameworks */,
				D452D0C92EC12EF3009C8E4E /* Resources */,
			);
			buildRules = (
			);
			dependencies = (
				D452D0CD2EC12EF3009C8E4E /* PBXTargetDependency */,
			);
			fileSystemSynchronizedGroups = (
				D452D0CE2EC12EF3009C8E4E /* BFitUITests */,
			);
			name = "BFit CalculatorUITests";
			packageProductDependencies = (
			);
			productName = BFitUITests;
			productReference = D452D0CB2EC12EF3009C8E4E /* BFit CalculatorUITests.xctest */;
			productType = "com.apple.product-type.bundle.ui-testing";
		};
/* End PBXNativeTarget section */

/* Begin PBXProject section */
		D452D0A92EC12EF2009C8E4E /* Project object */ = {
			isa = PBXProject;
			attributes = {
				BuildIndependentTargetsInParallel = 1;
				LastSwiftUpdateCheck = 1620;
				LastUpgradeCheck = 1620;
				TargetAttributes = {
					D452D0B02EC12EF2009C8E4E = {
						CreatedOnToolsVersion = 16.2;
					};
					D452D0C02EC12EF3009C8E4E = {
						CreatedOnToolsVersion = 16.2;
						TestTargetID = D452D0B02EC12EF2009C8E4E;
					};
					D452D0CA2EC12EF3009C8E4E = {
						CreatedOnToolsVersion = 16.2;
						TestTargetID = D452D0B02EC12EF2009C8E4E;
					};
				};
			};
			buildConfigurationList = D452D0AC2EC12EF2009C8E4E /* Build configuration list for PBXProject "BFit Calculator" */;
			developmentRegion = en;
			hasScannedForEncodings = 0;
			knownRegions = (
				en,
				Base,
			);
			mainGroup = D452D0A82EC12EF2009C8E4E;
			minimizedProjectReferenceProxies = 1;
			packageReferences = (
				D452D0EA2EC13AD2009C8E4E /* XCRemoteSwiftPackageReference "GoogleSignIn-iOS" */,
				D45CC25B2EC7C2B0007ACDAD /* XCRemoteSwiftPackageReference "firebase-ios-sdk" */,
				D4D354622EE352C8002357F4 /* XCRemoteSwiftPackageReference "purchases-ios-spm" */,
			);
			preferredProjectObjectVersion = 77;
			productRefGroup = D452D0B22EC12EF2009C8E4E /* Products */;
			projectDirPath = "";
			projectRoot = "";
			targets = (
				D452D0B02EC12EF2009C8E4E /* BFit Calculator */,
				D452D0C02EC12EF3009C8E4E /* BFit CalculatorTests */,
				D452D0CA2EC12EF3009C8E4E /* BFit CalculatorUITests */,
			);
		};
/* End PBXProject section */

/* Begin PBXResourcesBuildPhase section */
		D452D0AF2EC12EF2009C8E4E /* Resources */ = {
			isa = PBXResourcesBuildPhase;
			buildActionMask = 2147483647;
			files = (
			);
			runOnlyForDeploymentPostprocessing = 0;
		};
		D452D0BF2EC12EF3009C8E4E /* Resources */ = {
			isa = PBXResourcesBuildPhase;
			buildActionMask = 2147483647;
			files = (
			);
			runOnlyForDeploymentPostprocessing = 0;
		};
		D452D0C92EC12EF3009C8E4E /* Resources */ = {
			isa = PBXResourcesBuildPhase;
			buildActionMask = 2147483647;
			files = (
			);
			runOnlyForDeploymentPostprocessing = 0;
		};
/* End PBXResourcesBuildPhase section */

/* Begin PBXSourcesBuildPhase section */
		D452D0AD2EC12EF2009C8E4E /* Sources */ = {
			isa = PBXSourcesBuildPhase;
			buildActionMask = 2147483647;
			files = (
			);
			runOnlyForDeploymentPostprocessing = 0;
		};
		D452D0BD2EC12EF3009C8E4E /* Sources */ = {
			isa = PBXSourcesBuildPhase;
			buildActionMask = 2147483647;
			files = (
			);
			runOnlyForDeploymentPostprocessing = 0;
		};
		D452D0C72EC12EF3009C8E4E /* Sources */ = {
			isa = PBXSourcesBuildPhase;
			buildActionMask = 2147483647;
			files = (
			);
			runOnlyForDeploymentPostprocessing = 0;
		};
/* End PBXSourcesBuildPhase section */

/* Begin PBXTargetDependency section */
		D452D0C32EC12EF3009C8E4E /* PBXTargetDependency */ = {
			isa = PBXTargetDependency;
			target = D452D0B02EC12EF2009C8E4E /* BFit Calculator */;
			targetProxy = D452D0C22EC12EF3009C8E4E /* PBXContainerItemProxy */;
		};
		D452D0CD2EC12EF3009C8E4E /* PBXTargetDependency */ = {
			isa = PBXTargetDependency;
			target = D452D0B02EC12EF2009C8E4E /* BFit Calculator */;
			targetProxy = D452D0CC2EC12EF3009C8E4E /* PBXContainerItemProxy */;
		};
/* End PBXTargetDependency section */

/* Begin XCBuildConfiguration section */
		D452D0D32EC12EF3009C8E4E /* Debug */ = {
			isa = XCBuildConfiguration;
			buildSettings = {
				ALWAYS_SEARCH_USER_PATHS = NO;
				ASSETCATALOG_COMPILER_GENERATE_SWIFT_ASSET_SYMBOL_EXTENSIONS = YES;
				CLANG_ANALYZER_NONNULL = YES;
				CLANG_ANALYZER_NUMBER_OBJECT_CONVERSION = YES_AGGRESSIVE;
				CLANG_CXX_LANGUAGE_STANDARD = "gnu++20";
				CLANG_ENABLE_MODULES = YES;
				CLANG_ENABLE_OBJC_ARC = YES;
				CLANG_ENABLE_OBJC_WEAK = YES;
				CLANG_WARN_BLOCK_CAPTURE_AUTORELEASING = YES;
				CLANG_WARN_BOOL_CONVERSION = YES;
				CLANG_WARN_COMMA = YES;
				CLANG_WARN_CONSTANT_CONVERSION = YES;
				CLANG_WARN_DEPRECATED_OBJC_IMPLEMENTATIONS = YES;
				CLANG_WARN_DIRECT_OBJC_ISA_USAGE = YES_ERROR;
				CLANG_WARN_DOCUMENTATION_COMMENTS = YES;
				CLANG_WARN_EMPTY_BODY = YES;
				CLANG_WARN_ENUM_CONVERSION = YES;
				CLANG_WARN_INFINITE_RECURSION = YES;
				CLANG_WARN_INT_CONVERSION = YES;
				CLANG_WARN_NON_LITERAL_NULL_CONVERSION = YES;
				CLANG_WARN_OBJC_IMPLICIT_RETAIN_SELF = YES;
				CLANG_WARN_OBJC_LITERAL_CONVERSION = YES;
				CLANG_WARN_OBJC_ROOT_CLASS = YES_ERROR;
				CLANG_WARN_QUOTED_INCLUDE_IN_FRAMEWORK_HEADER = YES;
				CLANG_WARN_RANGE_LOOP_ANALYSIS = YES;
				CLANG_WARN_STRICT_PROTOTYPES = YES;
				CLANG_WARN_SUSPICIOUS_MOVE = YES;
				CLANG_WARN_UNGUARDED_AVAILABILITY = YES_AGGRESSIVE;
				CLANG_WARN_UNREACHABLE_CODE = YES;
				CLANG_WARN__DUPLICATE_METHOD_MATCH = YES;
				COPY_PHASE_STRIP = NO;
				DEBUG_INFORMATION_FORMAT = dwarf;
				ENABLE_STRICT_OBJC_MSGSEND = YES;
				ENABLE_TESTABILITY = YES;
				ENABLE_USER_SCRIPT_SANDBOXING = YES;
				GCC_C_LANGUAGE_STANDARD = gnu17;
				GCC_DYNAMIC_NO_PIC = NO;
				GCC_NO_COMMON_BLOCKS = YES;
				GCC_OPTIMIZATION_LEVEL = 0;
				GCC_PREPROCESSOR_DEFINITIONS = (
					"DEBUG=1",
					"$(inherited)",
				);
				GCC_WARN_64_TO_32_BIT_CONVERSION = YES;
				GCC_WARN_ABOUT_RETURN_TYPE = YES_ERROR;
				GCC_WARN_UNDECLARED_SELECTOR = YES;
				GCC_WARN_UNINITIALIZED_AUTOS = YES_AGGRESSIVE;
				GCC_WARN_UNUSED_FUNCTION = YES;
				GCC_WARN_UNUSED_VARIABLE = YES;
				IPHONEOS_DEPLOYMENT_TARGET = 18.2;
				LOCALIZATION_PREFERS_STRING_CATALOGS = YES;
				MTL_ENABLE_DEBUG_INFO = INCLUDE_SOURCE;
				MTL_FAST_MATH = YES;
				ONLY_ACTIVE_ARCH = YES;
				SDKROOT = iphoneos;
				SWIFT_ACTIVE_COMPILATION_CONDITIONS = "DEBUG $(inherited)";
				SWIFT_OPTIMIZATION_LEVEL = "-Onone";
			};
			name = Debug;
		};
		D452D0D42EC12EF3009C8E4E /* Release */ = {
			isa = XCBuildConfiguration;
			buildSettings = {
				ALWAYS_SEARCH_USER_PATHS = NO;
				ASSETCATALOG_COMPILER_GENERATE_SWIFT_ASSET_SYMBOL_EXTENSIONS = YES;
				CLANG_ANALYZER_NONNULL = YES;
				CLANG_ANALYZER_NUMBER_OBJECT_CONVERSION = YES_AGGRESSIVE;
				CLANG_CXX_LANGUAGE_STANDARD = "gnu++20";
				CLANG_ENABLE_MODULES = YES;
				CLANG_ENABLE_OBJC_ARC = YES;
				CLANG_ENABLE_OBJC_WEAK = YES;
				CLANG_WARN_BLOCK_CAPTURE_AUTORELEASING = YES;
				CLANG_WARN_BOOL_CONVERSION = YES;
				CLANG_WARN_COMMA = YES;
				CLANG_WARN_CONSTANT_CONVERSION = YES;
				CLANG_WARN_DEPRECATED_OBJC_IMPLEMENTATIONS = YES;
				CLANG_WARN_DIRECT_OBJC_ISA_USAGE = YES_ERROR;
				CLANG_WARN_DOCUMENTATION_COMMENTS = YES;
				CLANG_WARN_EMPTY_BODY = YES;
				CLANG_WARN_ENUM_CONVERSION = YES;
				CLANG_WARN_INFINITE_RECURSION = YES;
				CLANG_WARN_INT_CONVERSION = YES;
				CLANG_WARN_NON_LITERAL_NULL_CONVERSION = YES;
				CLANG_WARN_OBJC_IMPLICIT_RETAIN_SELF = YES;
				CLANG_WARN_OBJC_LITERAL_CONVERSION = YES;
				CLANG_WARN_OBJC_ROOT_CLASS = YES_ERROR;
				CLANG_WARN_QUOTED_INCLUDE_IN_FRAMEWORK_HEADER = YES;
				CLANG_WARN_RANGE_LOOP_ANALYSIS = YES;
				CLANG_WARN_STRICT_PROTOTYPES = YES;
				CLANG_WARN_SUSPICIOUS_MOVE = YES;
				CLANG_WARN_UNGUARDED_AVAILABILITY = YES_AGGRESSIVE;
				CLANG_WARN_UNREACHABLE_CODE = YES;
				CLANG_WARN__DUPLICATE_METHOD_MATCH = YES;
				COPY_PHASE_STRIP = NO;
				DEBUG_INFORMATION_FORMAT = "dwarf-with-dsym";
				ENABLE_NS_ASSERTIONS = NO;
				ENABLE_STRICT_OBJC_MSGSEND = YES;
				ENABLE_USER_SCRIPT_SANDBOXING = YES;
				GCC_C_LANGUAGE_STANDARD = gnu17;
				GCC_NO_COMMON_BLOCKS = YES;
				GCC_WARN_64_TO_32_BIT_CONVERSION = YES;
				GCC_WARN_ABOUT_RETURN_TYPE = YES_ERROR;
				GCC_WARN_UNDECLARED_SELECTOR = YES;
				GCC_WARN_UNINITIALIZED_AUTOS = YES_AGGRESSIVE;
				GCC_WARN_UNUSED_FUNCTION = YES;
				GCC_WARN_UNUSED_VARIABLE = YES;
				IPHONEOS_DEPLOYMENT_TARGET = 18.2;
				LOCALIZATION_PREFERS_STRING_CATALOGS = YES;
				MTL_ENABLE_DEBUG_INFO = NO;
				MTL_FAST_MATH = YES;
				SDKROOT = iphoneos;
				SWIFT_COMPILATION_MODE = wholemodule;
				VALIDATE_PRODUCT = YES;
			};
			name = Release;
		};
		D452D0D62EC12EF3009C8E4E /* Debug */ = {
			isa = XCBuildConfiguration;
			baseConfigurationReferenceAnchor = D452D0B32EC12EF2009C8E4E /* BFit */;
			baseConfigurationReferenceRelativePath = "Secrets-Debug.xcconfig";
			buildSettings = {
				ASSETCATALOG_COMPILER_APPICON_NAME = AppIcon;
				ASSETCATALOG_COMPILER_GLOBAL_ACCENT_COLOR_NAME = AccentColor;
				CODE_SIGN_ENTITLEMENTS = BFit/BFit.entitlements;
				CODE_SIGN_STYLE = Automatic;
				CURRENT_PROJECT_VERSION = 2;
				DEVELOPMENT_ASSET_PATHS = "\"BFit/Preview Content\"";
				DEVELOPMENT_TEAM = P85PDAVQFY;
				ENABLE_PREVIEWS = YES;
				GENERATE_INFOPLIST_FILE = YES;
				INFOPLIST_FILE = BFit/Info.plist;
				INFOPLIST_KEY_LSApplicationCategoryType = "";
				INFOPLIST_KEY_UIApplicationSceneManifest_Generation = YES;
				INFOPLIST_KEY_UIApplicationSupportsIndirectInputEvents = YES;
				INFOPLIST_KEY_UISupportedInterfaceOrientations = UIInterfaceOrientationPortrait;
				IPHONEOS_DEPLOYMENT_TARGET = 18.6;
				LD_RUNPATH_SEARCH_PATHS = (
					"$(inherited)",
					"@executable_path/Frameworks",
				);
				MARKETING_VERSION = 1.1.1;
				PRODUCT_BUNDLE_IDENTIFIER = com.appworkshop.BFitCalculator;
				PRODUCT_NAME = "$(TARGET_NAME)";
				SWIFT_EMIT_LOC_STRINGS = YES;
				SWIFT_VERSION = 5.0;
				TARGETED_DEVICE_FAMILY = 1;
			};
			name = Debug;
		};
		D452D0D72EC12EF3009C8E4E /* Release */ = {
			isa = XCBuildConfiguration;
			baseConfigurationReferenceAnchor = D452D0B32EC12EF2009C8E4E /* BFit */;
			baseConfigurationReferenceRelativePath = Secrets.xcconfig;
			buildSettings = {
				ASSETCATALOG_COMPILER_APPICON_NAME = AppIcon;
				ASSETCATALOG_COMPILER_GLOBAL_ACCENT_COLOR_NAME = AccentColor;
				CODE_SIGN_ENTITLEMENTS = BFit/BFit.entitlements;
				CODE_SIGN_STYLE = Automatic;
				CURRENT_PROJECT_VERSION = 2;
				DEVELOPMENT_ASSET_PATHS = "\"BFit/Preview Content\"";
				DEVELOPMENT_TEAM = P85PDAVQFY;
				ENABLE_PREVIEWS = YES;
				GENERATE_INFOPLIST_FILE = YES;
				INFOPLIST_FILE = BFit/Info.plist;
				INFOPLIST_KEY_LSApplicationCategoryType = "";
				INFOPLIST_KEY_UIApplicationSceneManifest_Generation = YES;
				INFOPLIST_KEY_UIApplicationSupportsIndirectInputEvents = YES;
				INFOPLIST_KEY_UISupportedInterfaceOrientations = UIInterfaceOrientationPortrait;
				IPHONEOS_DEPLOYMENT_TARGET = 18.6;
				LD_RUNPATH_SEARCH_PATHS = (
					"$(inherited)",
					"@executable_path/Frameworks",
				);
				MARKETING_VERSION = 1.1.1;
				PRODUCT_BUNDLE_IDENTIFIER = com.appworkshop.BFitCalculator;
				PRODUCT_NAME = "$(TARGET_NAME)";
				SWIFT_EMIT_LOC_STRINGS = YES;
				SWIFT_VERSION = 5.0;
				TARGETED_DEVICE_FAMILY = 1;
			};
			name = Release;
		};
		D452D0D92EC12EF3009C8E4E /* Debug */ = {
			isa = XCBuildConfiguration;
			buildSettings = {
				BUNDLE_LOADER = "$(TEST_HOST)";
				CODE_SIGN_STYLE = Automatic;
				CURRENT_PROJECT_VERSION = 1;
				DEVELOPMENT_TEAM = P85PDAVQFY;
				GENERATE_INFOPLIST_FILE = YES;
				IPHONEOS_DEPLOYMENT_TARGET = 18.2;
				MARKETING_VERSION = 1.0;
				PRODUCT_BUNDLE_IDENTIFIER = com.appworkshop.BFitTests;
				PRODUCT_NAME = "$(TARGET_NAME)";
				SWIFT_EMIT_LOC_STRINGS = NO;
				SWIFT_VERSION = 5.0;
				TARGETED_DEVICE_FAMILY = "1,2";
				TEST_HOST = "$(BUILT_PRODUCTS_DIR)/BFit Calculator.app/$(BUNDLE_EXECUTABLE_FOLDER_PATH)/BFit Calculator";
			};
			name = Debug;
		};
		D452D0DA2EC12EF3009C8E4E /* Release */ = {
			isa = XCBuildConfiguration;
			buildSettings = {
				BUNDLE_LOADER = "$(TEST_HOST)";
				CODE_SIGN_STYLE = Automatic;
				CURRENT_PROJECT_VERSION = 1;
				DEVELOPMENT_TEAM = P85PDAVQFY;
				GENERATE_INFOPLIST_FILE = YES;
				IPHONEOS_DEPLOYMENT_TARGET = 18.2;
				MARKETING_VERSION = 1.0;
				PRODUCT_BUNDLE_IDENTIFIER = com.appworkshop.BFitTests;
				PRODUCT_NAME = "$(TARGET_NAME)";
				SWIFT_EMIT_LOC_STRINGS = NO;
				SWIFT_VERSION = 5.0;
				TARGETED_DEVICE_FAMILY = "1,2";
				TEST_HOST = "$(BUILT_PRODUCTS_DIR)/BFit Calculator.app/$(BUNDLE_EXECUTABLE_FOLDER_PATH)/BFit Calculator";
			};
			name = Release;
		};
		D452D0DC2EC12EF3009C8E4E /* Debug */ = {
			isa = XCBuildConfiguration;
			buildSettings = {
				CODE_SIGN_STYLE = Automatic;
				CURRENT_PROJECT_VERSION = 1;
				DEVELOPMENT_TEAM = P85PDAVQFY;
				GENERATE_INFOPLIST_FILE = YES;
				MARKETING_VERSION = 1.0;
				PRODUCT_BUNDLE_IDENTIFIER = com.appworkshop.BFitUITests;
				PRODUCT_NAME = "$(TARGET_NAME)";
				SWIFT_EMIT_LOC_STRINGS = NO;
				SWIFT_VERSION = 5.0;
				TARGETED_DEVICE_FAMILY = "1,2";
				TEST_TARGET_NAME = BFit;
			};
			name = Debug;
		};
		D452D0DD2EC12EF3009C8E4E /* Release */ = {
			isa = XCBuildConfiguration;
			buildSettings = {
				CODE_SIGN_STYLE = Automatic;
				CURRENT_PROJECT_VERSION = 1;
				DEVELOPMENT_TEAM = P85PDAVQFY;
				GENERATE_INFOPLIST_FILE = YES;
				MARKETING_VERSION = 1.0;
				PRODUCT_BUNDLE_IDENTIFIER = com.appworkshop.BFitUITests;
				PRODUCT_NAME = "$(TARGET_NAME)";
				SWIFT_EMIT_LOC_STRINGS = NO;
				SWIFT_VERSION = 5.0;
				TARGETED_DEVICE_FAMILY = "1,2";
				TEST_TARGET_NAME = BFit;
			};
			name = Release;
		};
/* End XCBuildConfiguration section */

/* Begin XCConfigurationList section */
		D452D0AC2EC12EF2009C8E4E /* Build configuration list for PBXProject "BFit Calculator" */ = {
			isa = XCConfigurationList;
			buildConfigurations = (
				D452D0D32EC12EF3009C8E4E /* Debug */,
				D452D0D42EC12EF3009C8E4E /* Release */,
			);
			defaultConfigurationIsVisible = 0;
			defaultConfigurationName = Release;
		};
		D452D0D52EC12EF3009C8E4E /* Build configuration list for PBXNativeTarget "BFit Calculator" */ = {
			isa = XCConfigurationList;
			buildConfigurations = (
				D452D0D62EC12EF3009C8E4E /* Debug */,
				D452D0D72EC12EF3009C8E4E /* Release */,
			);
			defaultConfigurationIsVisible = 0;
			defaultConfigurationName = Release;
		};
		D452D0D82EC12EF3009C8E4E /* Build configuration list for PBXNativeTarget "BFit CalculatorTests" */ = {
			isa = XCConfigurationList;
			buildConfigurations = (
				D452D0D92EC12EF3009C8E4E /* Debug */,
				D452D0DA2EC12EF3009C8E4E /* Release */,
			);
			defaultConfigurationIsVisible = 0;
			defaultConfigurationName = Release;
		};
		D452D0DB2EC12EF3009C8E4E /* Build configuration list for PBXNativeTarget "BFit CalculatorUITests" */ = {
			isa = XCConfigurationList;
			buildConfigurations = (
				D452D0DC2EC12EF3009C8E4E /* Debug */,
				D452D0DD2EC12EF3009C8E4E /* Release */,
			);
			defaultConfigurationIsVisible = 0;
			defaultConfigurationName = Release;
		};
/* End XCConfigurationList section */

/* Begin XCRemoteSwiftPackageReference section */
		D452D0EA2EC13AD2009C8E4E /* XCRemoteSwiftPackageReference "GoogleSignIn-iOS" */ = {
			isa = XCRemoteSwiftPackageReference;
			repositoryURL = "https://github.com/google/GoogleSignIn-iOS";
			requirement = {
				kind = upToNextMajorVersion;
				minimumVersion = 9.0.0;
			};
		};
		D45CC25B2EC7C2B0007ACDAD /* XCRemoteSwiftPackageReference "firebase-ios-sdk" */ = {
			isa = XCRemoteSwiftPackageReference;
			repositoryURL = "https://github.com/firebase/firebase-ios-sdk.git";
			requirement = {
				kind = upToNextMajorVersion;
				minimumVersion = 12.6.0;
			};
		};
		D4D354622EE352C8002357F4 /* XCRemoteSwiftPackageReference "purchases-ios-spm" */ = {
			isa = XCRemoteSwiftPackageReference;
			repositoryURL = "https://github.com/RevenueCat/purchases-ios-spm.git";
			requirement = {
				kind = upToNextMajorVersion;
				minimumVersion = 5.49.3;
			};
		};
/* End XCRemoteSwiftPackageReference section */

/* Begin XCSwiftPackageProductDependency section */
		D452D0EB2EC13AD2009C8E4E /* GoogleSignIn */ = {
			isa = XCSwiftPackageProductDependency;
			package = D452D0EA2EC13AD2009C8E4E /* XCRemoteSwiftPackageReference "GoogleSignIn-iOS" */;
			productName = GoogleSignIn;
		};
		D452D0ED2EC13AD2009C8E4E /* GoogleSignInSwift */ = {
			isa = XCSwiftPackageProductDependency;
			package = D452D0EA2EC13AD2009C8E4E /* XCRemoteSwiftPackageReference "GoogleSignIn-iOS" */;
			productName = GoogleSignInSwift;
		};
		D45CC25C2EC7C2B0007ACDAD /* FirebaseAuth */ = {
			isa = XCSwiftPackageProductDependency;
			package = D45CC25B2EC7C2B0007ACDAD /* XCRemoteSwiftPackageReference "firebase-ios-sdk" */;
			productName = FirebaseAuth;
		};
		D45CC25E2EC7C2B0007ACDAD /* FirebaseCore */ = {
			isa = XCSwiftPackageProductDependency;
			package = D45CC25B2EC7C2B0007ACDAD /* XCRemoteSwiftPackageReference "firebase-ios-sdk" */;
			productName = FirebaseCore;
		};
		D45CC2602EC7C2B0007ACDAD /* FirebaseCrashlytics */ = {
			isa = XCSwiftPackageProductDependency;
			package = D45CC25B2EC7C2B0007ACDAD /* XCRemoteSwiftPackageReference "firebase-ios-sdk" */;
			productName = FirebaseCrashlytics;
		};
		D45CC2622EC7C2B0007ACDAD /* FirebaseDatabase */ = {
			isa = XCSwiftPackageProductDependency;
			package = D45CC25B2EC7C2B0007ACDAD /* XCRemoteSwiftPackageReference "firebase-ios-sdk" */;
			productName = FirebaseDatabase;
		};
		D45CC2642EC7C2B0007ACDAD /* FirebaseFirestore */ = {
			isa = XCSwiftPackageProductDependency;
			package = D45CC25B2EC7C2B0007ACDAD /* XCRemoteSwiftPackageReference "firebase-ios-sdk" */;
			productName = FirebaseFirestore;
		};
		D4D354632EE352C8002357F4 /* RevenueCat */ = {
			isa = XCSwiftPackageProductDependency;
			package = D4D354622EE352C8002357F4 /* XCRemoteSwiftPackageReference "purchases-ios-spm" */;
			productName = RevenueCat;
		};
		D4D354652EE352C8002357F4 /* RevenueCatUI */ = {
			isa = XCSwiftPackageProductDependency;
			package = D4D354622EE352C8002357F4 /* XCRemoteSwiftPackageReference "purchases-ios-spm" */;
			productName = RevenueCatUI;
		};
/* End XCSwiftPackageProductDependency section */
	};
	rootObject = D452D0A92EC12EF2009C8E4E /* Project object */;
}
